
Microsoft Visual Studio Solution File, Format Version 12.00
# Visual Studio Version 16
VisualStudioVersion = 16.0.810.11
MinimumVisualStudioVersion = 10.0.40219.1
Project("{FAE04EC0-301F-11D3-BF4B-00C04F79EFBC}") = "Quiz", "Quz\Quiz.csproj", "{8142CACF-756C-4DC1-B472-8C95F488F335}"
EndProject
Global
	GlobalSection(SolutionConfigurationPlatforms) = preSolution
		Debug|Any CPU = Debug|Any CPU
		Release|Any CPU = Release|Any CPU
	EndGlobalSection
	GlobalSection(ProjectConfigurationPlatforms) = postSolution
		{8142CACF-756C-4DC1-B472-8C95F488F335}.Debug|Any CPU.ActiveCfg = Debug|Any CPU
		{8142CACF-756C-4DC1-B472-8C95F488F335}.Debug|Any CPU.Build.0 = Debug|Any CPU
		{8142CACF-756C-4DC1-B472-8C95F488F335}.Release|Any CPU.ActiveCfg = Release|Any CPU
		{8142CACF-756C-4DC1-B472-8C95F488F335}.Release|Any CPU.Build.0 = Release|Any CPU
	EndGlobalSection
	GlobalSection(SolutionProperties) = preSolution
		HideSolutionNode = FALSE
	EndGlobalSection
	GlobalSection(ExtensibilityGlobals) = postSolution
		SolutionGuid = {7622D25C-F32E-47CF-A83A-4D4C0B07D664}
	EndGlobalSection
EndGlobal
